
Microsoft Visual Studio Solution File, Format Version 12.00
# Visual Studio Version 16
VisualStudioVersion = 16.0.29324.140
MinimumVisualStudioVersion = 10.0.40219.1
Project("{FAE04EC0-301F-11D3-BF4B-00C04F79EFBC}") = "Inmobiliaria3", "Inmobiliaria3\Inmobiliaria3.csproj", "{819DF301-C3F1-42C0-932E-56F740E1AAD5}"
EndProject
Global
	GlobalSection(SolutionConfigurationPlatforms) = preSolution
		Debug|Any CPU = Debug|Any CPU
		Release|Any CPU = Release|Any CPU
	EndGlobalSection
	GlobalSection(ProjectConfigurationPlatforms) = postSolution
		{819DF301-C3F1-42C0-932E-56F740E1AAD5}.Debug|Any CPU.ActiveCfg = Debug|Any CPU
		{819DF301-C3F1-42C0-932E-56F740E1AAD5}.Debug|Any CPU.Build.0 = Debug|Any CPU
		{819DF301-C3F1-42C0-932E-56F740E1AAD5}.Release|Any CPU.ActiveCfg = Release|Any CPU
		{819DF301-C3F1-42C0-932E-56F740E1AAD5}.Release|Any CPU.Build.0 = Release|Any CPU
	EndGlobalSection
	GlobalSection(SolutionProperties) = preSolution
		HideSolutionNode = FALSE
	EndGlobalSection
	GlobalSection(ExtensibilityGlobals) = postSolution
		SolutionGuid = {E7BD1116-FEE9-4F31-BEF5-411D5244DE8D}
	EndGlobalSection
EndGlobal
